github.com/xBroccoliMaster69x/funtemps v0.0.0-20230309125015-89451abbfb4f h1:TTkbl2qcwhoOp+6DxwsAWRcXdXGIFqoKLGsDAhyXu4Q=
github.com/xBroccoliMaster69x/funtemps v0.0.0-20230309125015-89451abbfb4f/go.mod h1:M1RBTZbLaK6ou+5RZ86IWO8rLjrId9aTgqUkyHWAAuY=
github.com/xBroccoliMaster69x/is105sem03 v1.0.0 h1:htIL2n/1ftOvbsbPdz7OA/HOxoo9qal0xds4AICCyKQ=
github.com/xBroccoliMaster69x/is105sem03 v1.0.0/go.mod h1:XGCAiRCm7Z1pHtd3miCgdxdcy4q8yvJpaXq+ZsnC76U=
